
Microsoft Visual Studio Solution File, Format Version 12.00
# Visual Studio Version 16
VisualStudioVersion = 16.0.30611.23
MinimumVisualStudioVersion = 10.0.40219.1
Project("{888888A0-9F3D-457C-B088-3A5042F75D52}") = "RiderGen", "RiderGen.pyproj", "{974C16EA-4F24-4853-AA60-78E1381EF46C}"
EndProject
Global
	GlobalSection(SolutionConfigurationPlatforms) = preSolution
		Debug|Any CPU = Debug|Any CPU
		Release|Any CPU = Release|Any CPU
	EndGlobalSection
	GlobalSection(ProjectConfigurationPlatforms) = postSolution
		{974C16EA-4F24-4853-AA60-78E1381EF46C}.Debug|Any CPU.ActiveCfg = Debug|Any CPU
		{974C16EA-4F24-4853-AA60-78E1381EF46C}.Debug|Any CPU.Build.0 = Debug|Any CPU
		{974C16EA-4F24-4853-AA60-78E1381EF46C}.Release|Any CPU.ActiveCfg = Release|Any CPU
		{974C16EA-4F24-4853-AA60-78E1381EF46C}.Release|Any CPU.Build.0 = Release|Any CPU
	EndGlobalSection
	GlobalSection(SolutionProperties) = preSolution
		HideSolutionNode = FALSE
	EndGlobalSection
	GlobalSection(ExtensibilityGlobals) = postSolution
		SolutionGuid = {C5CD7315-DE62-4BE9-8E09-DEBF3B4B172E}
	EndGlobalSection
EndGlobal
